Microsoft Visual Studio Solution File, Format Version 12.00
# Visual Studio Version 17
VisualStudioVersion = 17.5.2.0
MinimumVisualStudioVersion = 10.0.40219.1
Project("{FAE04EC0-301F-11D3-BF4B-00C04F79EFBC}") = "InfiniteAmmoPlus", "InfiniteAmmoPlus.csproj", "{30F7B53A-D1F4-37B3-6A2A-0551AC30C1B7}"
EndProject
Global
	GlobalSection(SolutionConfigurationPlatforms) = preSolution
		Debug|Any CPU = Debug|Any CPU
		Release|Any CPU = Release|Any CPU
	EndGlobalSection
	GlobalSection(ProjectConfigurationPlatforms) = postSolution
		{30F7B53A-D1F4-37B3-6A2A-0551AC30C1B7}.Debug|Any CPU.ActiveCfg = Debug|Any CPU
		{30F7B53A-D1F4-37B3-6A2A-0551AC30C1B7}.Debug|Any CPU.Build.0 = Debug|Any CPU
		{30F7B53A-D1F4-37B3-6A2A-0551AC30C1B7}.Release|Any CPU.ActiveCfg = Release|Any CPU
		{30F7B53A-D1F4-37B3-6A2A-0551AC30C1B7}.Release|Any CPU.Build.0 = Release|Any CPU
	EndGlobalSection
	GlobalSection(SolutionProperties) = preSolution
		HideSolutionNode = FALSE
	EndGlobalSection
	GlobalSection(ExtensibilityGlobals) = postSolution
		SolutionGuid = {639EDDF7-DFEE-444D-A6D3-3CC50390AF3E}
	EndGlobalSection
EndGlobal
